# @generated - this file is auto-generated by `mise lock` https://mise.en.dev/dev-tools/mise-lock.html

[[tools.actionlint]]
version = "1.7.12"
backend = "aqua:rhysd/actionlint"

[[tools."aqua:Kampfkarren/selene"]]
version = "0.30.1"
backend = "aqua:Kampfkarren/selene"

[tools."aqua:Kampfkarren/selene"."platforms.linux-x64"]
checksum = "sha256:c8c0f2102cb37e5e3ee2c984b51946b8ea8cf7804b5ea067afdb42fd2b95ff6e"
url = "https://github.com/Kampfkarren/selene/releases/download/0.30.1/selene-0.30.1-linux.zip"

[tools."aqua:Kampfkarren/selene"."platforms.linux-x64-musl"]
checksum = "sha256:c8c0f2102cb37e5e3ee2c984b51946b8ea8cf7804b5ea067afdb42fd2b95ff6e"
url = "https://github.com/Kampfkarren/selene/releases/download/0.30.1/selene-0.30.1-linux.zip"

[tools."aqua:Kampfkarren/selene"."platforms.macos-arm64"]
checksum = "sha256:4858f5f732491680d361744977d7ef3e30c09f1bd454cb6e1e337c9c58fbbd94"
url = "https://github.com/Kampfkarren/selene/releases/download/0.30.1/selene-0.30.1-macos.zip"

[tools."aqua:Kampfkarren/selene"."platforms.macos-x64"]
checksum = "sha256:4858f5f732491680d361744977d7ef3e30c09f1bd454cb6e1e337c9c58fbbd94"
url = "https://github.com/Kampfkarren/selene/releases/download/0.30.1/selene-0.30.1-macos.zip"

[tools."aqua:Kampfkarren/selene"."platforms.windows-x64"]
checksum = "sha256:b55a8592ba6ffd54c88edd3396348e43d581494c2c255cd2d02c8c26b96080f4"
url = "https://github.com/Kampfkarren/selene/releases/download/0.30.1/selene-0.30.1-windows.zip"

[[tools."aqua:neovim/neovim"]]
version = "0.11.7"
backend = "aqua:neovim/neovim"

[tools."aqua:neovim/neovim"."platforms.linux-arm64"]
checksum = "sha256:99bb3c53604e83ce18fc0b459e34cf1a5e212f4e5fbe2eb136b3c18092ae9905"
url = "https://github.com/neovim/neovim/releases/download/v0.11.7/nvim-linux-arm64.tar.gz"

[tools."aqua:neovim/neovim"."platforms.linux-arm64-musl"]
checksum = "sha256:99bb3c53604e83ce18fc0b459e34cf1a5e212f4e5fbe2eb136b3c18092ae9905"
url = "https://github.com/neovim/neovim/releases/download/v0.11.7/nvim-linux-arm64.tar.gz"

[tools."aqua:neovim/neovim"."platforms.linux-x64"]
checksum = "sha256:38a7c6317f94503841096c00e8fde05ef04b9472fc9d7d62b6e033cecd6f7991"
url = "https://github.com/neovim/neovim/releases/download/v0.11.7/nvim-linux-x86_64.tar.gz"

[tools."aqua:neovim/neovim"."platforms.linux-x64-musl"]
checksum = "sha256:38a7c6317f94503841096c00e8fde05ef04b9472fc9d7d62b6e033cecd6f7991"
url = "https://github.com/neovim/neovim/releases/download/v0.11.7/nvim-linux-x86_64.tar.gz"

[tools."aqua:neovim/neovim"."platforms.macos-arm64"]
checksum = "sha256:9c84686ce84bbab725ff3d88ca3ac1d6da5a72128b68d9dd8094e34d4049a126"
url = "https://github.com/neovim/neovim/releases/download/v0.11.7/nvim-macos-arm64.tar.gz"

[tools."aqua:neovim/neovim"."platforms.macos-x64"]
checksum = "sha256:014649c0c75e188fd70d40f787ee7cb83e7c2926264cd4e72c300d0198922371"
url = "https://github.com/neovim/neovim/releases/download/v0.11.7/nvim-macos-x86_64.tar.gz"

[tools."aqua:neovim/neovim"."platforms.windows-x64"]
checksum = "sha256:7b10e6e08b14bf256422b72cfe706ef0452fd9c0a40e138426e1af09803d697f"
url = "https://github.com/neovim/neovim/releases/download/v0.11.7/nvim-win64.zip"

[[tools."aqua:neovim/neovim"]]
version = "0.12.2"
backend = "aqua:neovim/neovim"

[tools."aqua:neovim/neovim"."platforms.linux-arm64"]
checksum = "sha256:f697d4e4582b6e4b5c3c26e76e06ce26efa08ba1768e03fd2733fcc422bb0490"
url = "https://github.com/neovim/neovim/releases/download/v0.12.2/nvim-linux-arm64.tar.gz"

[tools."aqua:neovim/neovim"."platforms.linux-arm64-musl"]
checksum = "sha256:f697d4e4582b6e4b5c3c26e76e06ce26efa08ba1768e03fd2733fcc422bb0490"
url = "https://github.com/neovim/neovim/releases/download/v0.12.2/nvim-linux-arm64.tar.gz"

[tools."aqua:neovim/neovim"."platforms.linux-x64"]
checksum = "sha256:31cf85945cb600d96cdf69f88bc68bec814acbff50863c5546adef3a1bcef260"
url = "https://github.com/neovim/neovim/releases/download/v0.12.2/nvim-linux-x86_64.tar.gz"

[tools."aqua:neovim/neovim"."platforms.linux-x64-musl"]
checksum = "sha256:31cf85945cb600d96cdf69f88bc68bec814acbff50863c5546adef3a1bcef260"
url = "https://github.com/neovim/neovim/releases/download/v0.12.2/nvim-linux-x86_64.tar.gz"

[tools."aqua:neovim/neovim"."platforms.macos-arm64"]
checksum = "sha256:eeddee1009734f9071266e6b1b8a70308cb60cbcc45f5e1c1023adc471450fee"
url = "https://github.com/neovim/neovim/releases/download/v0.12.2/nvim-macos-arm64.tar.gz"

[tools."aqua:neovim/neovim"."platforms.macos-x64"]
checksum = "sha256:728321db960a9b6af6c03881892a6abfd743bf759bc62d233f52fa1be64ace3c"
url = "https://github.com/neovim/neovim/releases/download/v0.12.2/nvim-macos-x86_64.tar.gz"

[tools."aqua:neovim/neovim"."platforms.windows-x64"]
checksum = "sha256:23fe150edbcc976eabe55092e1e9d2e5e237afde69553d170e936f776b405d53"
url = "https://github.com/neovim/neovim/releases/download/v0.12.2/nvim-win64.zip"

[[tools.gh]]
version = "2.91.0"
backend = "aqua:cli/cli"

[tools.gh."platforms.linux-arm64"]
checksum = "sha256:ccbed39c472d3dc1c501d1e164a9cffd934c5f6fce1012811a1a59d24cb7d7c6"
url = "https://github.com/cli/cli/releases/download/v2.91.0/gh_2.91.0_linux_arm64.tar.gz"
provenance = "github-attestations"

[tools.gh."platforms.linux-arm64-musl"]
checksum = "sha256:ccbed39c472d3dc1c501d1e164a9cffd934c5f6fce1012811a1a59d24cb7d7c6"
url = "https://github.com/cli/cli/releases/download/v2.91.0/gh_2.91.0_linux_arm64.tar.gz"
provenance = "github-attestations"

[tools.gh."platforms.linux-x64"]
checksum = "sha256:304a0d2460f4a8847d2f192bad4e2a32cd9420d28716e7ae32198181b65b5f9c"
url = "https://github.com/cli/cli/releases/download/v2.91.0/gh_2.91.0_linux_amd64.tar.gz"
provenance = "github-attestations"

[tools.gh."platforms.linux-x64-musl"]
checksum = "sha256:304a0d2460f4a8847d2f192bad4e2a32cd9420d28716e7ae32198181b65b5f9c"
url = "https://github.com/cli/cli/releases/download/v2.91.0/gh_2.91.0_linux_amd64.tar.gz"
provenance = "github-attestations"

[tools.gh."platforms.macos-arm64"]
checksum = "sha256:20446cd714d9fa1b69fbd410deade3731f38fe09a2b980c8488aa388dd320ada"
url = "https://github.com/cli/cli/releases/download/v2.91.0/gh_2.91.0_macOS_arm64.zip"
provenance = "github-attestations"

[tools.gh."platforms.macos-x64"]
checksum = "sha256:8806784f93603fe6d3f95c3583a08df38f175df9ebc123dc8b15f919329980e2"
url = "https://github.com/cli/cli/releases/download/v2.91.0/gh_2.91.0_macOS_amd64.zip"
provenance = "github-attestations"

[tools.gh."platforms.windows-x64"]
checksum = "sha256:ced3e6f4bb5a9865056b594b7ad0cf42137dc92c494346f1ca705b5dbf14c88e"
url = "https://github.com/cli/cli/releases/download/v2.91.0/gh_2.91.0_windows_amd64.zip"
provenance = "github-attestations"

[[tools.git-cliff]]
version = "2.13.1"
backend = "aqua:orhun/git-cliff"

[tools.git-cliff."platforms.linux-arm64"]
checksum = "sha256:4054c124b926c117f3fa048939bc8be0a954f29f3b6f367627e8cb22c1971882"
url = "https://github.com/orhun/git-cliff/releases/download/v2.13.1/git-cliff-2.13.1-aarch64-unknown-linux-musl.tar.gz"

[tools.git-cliff."platforms.linux-arm64-musl"]
checksum = "sha256:4054c124b926c117f3fa048939bc8be0a954f29f3b6f367627e8cb22c1971882"
url = "https://github.com/orhun/git-cliff/releases/download/v2.13.1/git-cliff-2.13.1-aarch64-unknown-linux-musl.tar.gz"

[tools.git-cliff."platforms.linux-x64"]
checksum = "sha256:200d2535da6d9703f3bcc8a4d159c3b55eacdb01cf2148c55b3eee9dd04d5249"
url = "https://github.com/orhun/git-cliff/releases/download/v2.13.1/git-cliff-2.13.1-x86_64-unknown-linux-musl.tar.gz"

[tools.git-cliff."platforms.linux-x64-musl"]
checksum = "sha256:200d2535da6d9703f3bcc8a4d159c3b55eacdb01cf2148c55b3eee9dd04d5249"
url = "https://github.com/orhun/git-cliff/releases/download/v2.13.1/git-cliff-2.13.1-x86_64-unknown-linux-musl.tar.gz"

[tools.git-cliff."platforms.macos-arm64"]
checksum = "sha256:21547ae4a0421164070ab75c2522864ea5565858a011fabc5f583061b20f1226"
url = "https://github.com/orhun/git-cliff/releases/download/v2.13.1/git-cliff-2.13.1-aarch64-apple-darwin.tar.gz"

[tools.git-cliff."platforms.macos-x64"]
checksum = "sha256:6e60ae390d375cecb9d8008c49f0e724a8dfe40390b532ef5501e421d2cc8acb"
url = "https://github.com/orhun/git-cliff/releases/download/v2.13.1/git-cliff-2.13.1-x86_64-apple-darwin.tar.gz"

[tools.git-cliff."platforms.windows-x64"]
checksum = "sha256:3ae3a5549e85c7ad5b20192ebcfee4371269deca51255f6f2f2e051c6541f5ca"
url = "https://github.com/orhun/git-cliff/releases/download/v2.13.1/git-cliff-2.13.1-x86_64-pc-windows-msvc.zip"

[[tools.lua]]
version = "5.1"
backend = "vfox:mise-plugins/vfox-lua"

[tools.lua."platforms.linux-arm64"]
url = "https://www.lua.org/ftp/lua-5.1.tar.gz"

[tools.lua."platforms.linux-arm64-musl"]
url = "https://www.lua.org/ftp/lua-5.1.tar.gz"

[tools.lua."platforms.linux-x64"]
url = "https://www.lua.org/ftp/lua-5.1.tar.gz"

[tools.lua."platforms.linux-x64-musl"]
url = "https://www.lua.org/ftp/lua-5.1.tar.gz"

[tools.lua."platforms.macos-arm64"]
url = "https://www.lua.org/ftp/lua-5.1.tar.gz"

[tools.lua."platforms.macos-x64"]
url = "https://www.lua.org/ftp/lua-5.1.tar.gz"

[tools.lua."platforms.windows-x64"]
url = "https://www.lua.org/ftp/lua-5.1.tar.gz"

[[tools.pandoc]]
version = "3.9.0.2"
backend = "github:jgm/pandoc"

[[tools.stylua]]
version = "2.4.1"
backend = "aqua:JohnnyMorganz/StyLua"
